
Microsoft Visual Studio Solution File, Format Version 12.00
# Visual Studio Version 17
VisualStudioVersion = 17.8.34408.163
MinimumVisualStudioVersion = 10.0.40219.1
Project("{2150E333-8FDC-42A3-9474-1A3956D46DE8}") = "src", "src", "{D23354B7-35EF-469A-8D80-44F55B444481}"
EndProject
Project("{FAE04EC0-301F-11D3-BF4B-00C04F79EFBC}") = "Redis.Course.DotNetDevelopers.Worker", "src\Redis.Course.DotNetDevelopers.Worker\Redis.Course.DotNetDevelopers.Worker.csproj", "{658FE840-199D-4DB9-8967-E250530280FE}"
EndProject
Project("{2150E333-8FDC-42A3-9474-1A3956D46DE8}") = "Itens de Solução", "Itens de Solução", "{8A41F1FC-55FA-40E3-B320-C45AC84A81B1}"
	ProjectSection(SolutionItems) = preProject
		docker-compose.yml = docker-compose.yml
	EndProjectSection
EndProject
Global
	GlobalSection(SolutionConfigurationPlatforms) = preSolution
		Debug|Any CPU = Debug|Any CPU
		Release|Any CPU = Release|Any CPU
	EndGlobalSection
	GlobalSection(ProjectConfigurationPlatforms) = postSolution
		{658FE840-199D-4DB9-8967-E250530280FE}.Debug|Any CPU.ActiveCfg = Debug|Any CPU
		{658FE840-199D-4DB9-8967-E250530280FE}.Debug|Any CPU.Build.0 = Debug|Any CPU
		{658FE840-199D-4DB9-8967-E250530280FE}.Release|Any CPU.ActiveCfg = Release|Any CPU
		{658FE840-199D-4DB9-8967-E250530280FE}.Release|Any CPU.Build.0 = Release|Any CPU
	EndGlobalSection
	GlobalSection(SolutionProperties) = preSolution
		HideSolutionNode = FALSE
	EndGlobalSection
	GlobalSection(NestedProjects) = preSolution
		{658FE840-199D-4DB9-8967-E250530280FE} = {D23354B7-35EF-469A-8D80-44F55B444481}
	EndGlobalSection
	GlobalSection(ExtensibilityGlobals) = postSolution
		SolutionGuid = {93C0FB3E-CE22-4163-8ED6-2564591A0411}
	EndGlobalSection
EndGlobal
